<Solution>
  <Configurations>
    <BuildType Name="Release" />
  </Configurations>
  <Project Path="TribalSignalFire/TribalSignalFire.csproj" />
  <Folder Name="/.github/">
    <File Path="../.github/copilot-instructions.md" />
  </Folder>
  <Folder Name="/XML/About/">
    <File Path="../About/about.xml" />
  </Folder>
  <Folder Name="/XML/1.6/Defs/">
    <File Path="../1.6/Defs/SF_Job.xml" />
    <File Path="../1.6/Defs/SF_SignalFire.xml" />
  </Folder>
  <Folder Name="/XML/Languages/English/Keyed/">
    <File Path="../Languages/English/Keyed/Misc.xml" />
  </Folder>
</Solution>